
Microsoft Visual Studio Solution File, Format Version 12.00
# Visual Studio Version 17
VisualStudioVersion = 17.10.35013.160
MinimumVisualStudioVersion = 10.0.40219.1
Project("{FAE04EC0-301F-11D3-BF4B-00C04F79EFBC}") = "CustomRole", "TimePlugin\CustomRole.csproj", "{26C2EF6D-9DC6-4D17-A35D-13E0D15454A8}"
EndProject
Global
	GlobalSection(SolutionConfigurationPlatforms) = preSolution
		Debug|Any CPU = Debug|Any CPU
		Release|Any CPU = Release|Any CPU
	EndGlobalSection
	GlobalSection(ProjectConfigurationPlatforms) = postSolution
		{26C2EF6D-9DC6-4D17-A35D-13E0D15454A8}.Debug|Any CPU.ActiveCfg = Debug|Any CPU
		{26C2EF6D-9DC6-4D17-A35D-13E0D15454A8}.Debug|Any CPU.Build.0 = Debug|Any CPU
		{26C2EF6D-9DC6-4D17-A35D-13E0D15454A8}.Release|Any CPU.ActiveCfg = Release|Any CPU
		{26C2EF6D-9DC6-4D17-A35D-13E0D15454A8}.Release|Any CPU.Build.0 = Release|Any CPU
	EndGlobalSection
	GlobalSection(SolutionProperties) = preSolution
		HideSolutionNode = FALSE
	EndGlobalSection
	GlobalSection(ExtensibilityGlobals) = postSolution
		SolutionGuid = {9D166553-EC7D-4D33-AF7D-8AFFE0DD644C}
	EndGlobalSection
EndGlobal
